
Microsoft Visual Studio Solution File, Format Version 12.00
Project("{FAE04EC0-301F-11D3-BF4B-00C04F79EFBC}") = "WebAPI", "WebAPI\WebAPI.csproj", "{38E24355-4DD3-4A0F-8FD3-071949FB7B2A}"
EndProject
Project("{FAE04EC0-301F-11D3-BF4B-00C04F79EFBC}") = "WebAPI.Consumer", "WebAPI.Consumer\WebAPI.Consumer.csproj", "{E75817BC-D0D3-4D45-9FB9-0A31BD170635}"
EndProject
Global
	GlobalSection(SolutionConfigurationPlatforms) = preSolution
		Debug|Any CPU = Debug|Any CPU
		Release|Any CPU = Release|Any CPU
	EndGlobalSection
	GlobalSection(ProjectConfigurationPlatforms) = postSolution
		{38E24355-4DD3-4A0F-8FD3-071949FB7B2A}.Debug|Any CPU.ActiveCfg = Debug|Any CPU
		{38E24355-4DD3-4A0F-8FD3-071949FB7B2A}.Debug|Any CPU.Build.0 = Debug|Any CPU
		{38E24355-4DD3-4A0F-8FD3-071949FB7B2A}.Release|Any CPU.ActiveCfg = Release|Any CPU
		{38E24355-4DD3-4A0F-8FD3-071949FB7B2A}.Release|Any CPU.Build.0 = Release|Any CPU
		{E75817BC-D0D3-4D45-9FB9-0A31BD170635}.Debug|Any CPU.ActiveCfg = Debug|Any CPU
		{E75817BC-D0D3-4D45-9FB9-0A31BD170635}.Debug|Any CPU.Build.0 = Debug|Any CPU
		{E75817BC-D0D3-4D45-9FB9-0A31BD170635}.Release|Any CPU.ActiveCfg = Release|Any CPU
		{E75817BC-D0D3-4D45-9FB9-0A31BD170635}.Release|Any CPU.Build.0 = Release|Any CPU
	EndGlobalSection
EndGlobal
